// !$*UTF8*$!
{
	archiveVersion = 1;
	classes = {
	};
	objectVersion = 46;
	objects = {

/* Begin PBXBuildFile section */
		6CFBE9841B3025B90051E3D6 /* main.m in Sources */ = {isa = PBXBuildFile; fileRef = 6CFBE9831B3025B90051E3D6 /* main.m */; };
		6CFBE9871B3025B90051E3D6 /* TENAppDelegate.m in Sources */ = {isa = PBXBuildFile; fileRef = 6CFBE9861B3025B90051E3D6 /* TENAppDelegate.m */; };
		6CFBE99E1B3025BA0051E3D6 /* _44tenIOSTests.m in Sources */ = {isa = PBXBuildFile; fileRef = 6CFBE99D1B3025BA0051E3D6 /* _44tenIOSTests.m */; };
		6CFBE9B21B3028290051E3D6 /* LaunchScreen.xib in Resources */ = {isa = PBXBuildFile; fileRef = 6CFBE9AF1B3028290051E3D6 /* LaunchScreen.xib */; };
		6CFBE9B31B3028290051E3D6 /* Images.xcassets in Resources */ = {isa = PBXBuildFile; fileRef = 6CFBE9B11B3028290051E3D6 /* Images.xcassets */; };
		6CFBE9CB1B31832A0051E3D6 /* TENMainView.m in Sources */ = {isa = PBXBuildFile; fileRef = 6CFBE9C51B31832A0051E3D6 /* TENMainView.m */; };
		6CFBE9CC1B31832A0051E3D6 /* TENSquareView.m in Sources */ = {isa = PBXBuildFile; fileRef = 6CFBE9C71B31832A0051E3D6 /* TENSquareView.m */; };
		6CFBE9CD1B31832A0051E3D6 /* TENSquareViewController.m in Sources */ = {isa = PBXBuildFile; fileRef = 6CFBE9C91B31832A0051E3D6 /* TENSquareViewController.m */; };
		6CFBE9CE1B31832A0051E3D6 /* TENSquareViewController.xib in Resources */ = {isa = PBXBuildFile; fileRef = 6CFBE9CA1B31832A0051E3D6 /* TENSquareViewController.xib */; };
		6CFBE9D11B3183380051E3D6 /* TENSquareModel.m in Sources */ = {isa = PBXBuildFile; fileRef = 6CFBE9D01B3183380051E3D6 /* TENSquareModel.m */; };
		6CFBE9D51B32FCE10051E3D6 /* TENMacro.m in Sources */ = {isa = PBXBuildFile; fileRef = 6CFBE9D41B32FCE10051E3D6 /* TENMacro.m */; };
		6CFBE9E01B32FED80051E3D6 /* TENUsersViewController.m in Sources */ = {isa = PBXBuildFile; fileRef = 6CFBE9DE1B32FED80051E3D6 /* TENUsersViewController.m */; };
		6CFBE9E11B32FED80051E3D6 /* TENUsersViewController.xib in Resources */ = {isa = PBXBuildFile; fileRef = 6CFBE9DF1B32FED80051E3D6 /* TENUsersViewController.xib */; };
		6CFBE9E41B32FF730051E3D6 /* TENUsersView.m in Sources */ = {isa = PBXBuildFile; fileRef = 6CFBE9E31B32FF730051E3D6 /* TENUsersView.m */; };
		6CFBE9E81B3301250051E3D6 /* TENUser.m in Sources */ = {isa = PBXBuildFile; fileRef = 6CFBE9E71B3301250051E3D6 /* TENUser.m */; };
		6CFBE9EB1B3302C50051E3D6 /* TENUsers.m in Sources */ = {isa = PBXBuildFile; fileRef = 6CFBE9EA1B3302C50051E3D6 /* TENUsers.m */; };
		6CFBE9EF1B34AE490051E3D6 /* TENTableViewCell.m in Sources */ = {isa = PBXBuildFile; fileRef = 6CFBE9EE1B34AE490051E3D6 /* TENTableViewCell.m */; };
/* End PBXBuildFile section */

/* Begin PBXContainerItemProxy section */
		6CFBE9981B3025BA0051E3D6 /* PBXContainerItemProxy */ = {
			isa = PBXContainerItemProxy;
			containerPortal = 6CFBE9761B3025B90051E3D6 /* Project object */;
			proxyType = 1;
			remoteGlobalIDString = 6CFBE97D1B3025B90051E3D6;
			remoteInfo = 444tenIOS;
		};
/* End PBXContainerItemProxy section */

/* Begin PBXFileReference section */
		6CFBE97E1B3025B90051E3D6 /* 444tenIOS.app */ = {isa = PBXFileReference; explicitFileType = wrapper.application; includeInIndex = 0; path = 444tenIOS.app; sourceTree = BUILT_PRODUCTS_DIR; };
		6CFBE9821B3025B90051E3D6 /* Info.plist */ = {isa = PBXFileReference; lastKnownFileType = text.plist.xml; path = Info.plist; sourceTree = "<group>"; };
		6CFBE9831B3025B90051E3D6 /* main.m */ = {isa = PBXFileReference; lastKnownFileType = sourcecode.c.objc; path = main.m; sourceTree = "<group>"; };
		6CFBE9851B3025B90051E3D6 /* TENAppDelegate.h */ = {isa = PBXFileReference; lastKnownFileType = sourcecode.c.h; path = TENAppDelegate.h; sourceTree = "<group>"; };
		6CFBE9861B3025B90051E3D6 /* TENAppDelegate.m */ = {isa = PBXFileReference; lastKnownFileType = sourcecode.c.objc; path = TENAppDelegate.m; sourceTree = "<group>"; };
		6CFBE9971B3025BA0051E3D6 /* 444tenIOSTests.xctest */ = {isa = PBXFileReference; explicitFileType = wrapper.cfbundle; includeInIndex = 0; path = 444tenIOSTests.xctest; sourceTree = BUILT_PRODUCTS_DIR; };
		6CFBE99C1B3025BA0051E3D6 /* Info.plist */ = {isa = PBXFileReference; lastKnownFileType = text.plist.xml; path = Info.plist; sourceTree = "<group>"; };
		6CFBE99D1B3025BA0051E3D6 /* _44tenIOSTests.m */ = {isa = PBXFileReference; lastKnownFileType = sourcecode.c.objc; path = _44tenIOSTests.m; sourceTree = "<group>"; };
		6CFBE9B01B3028290051E3D6 /* Base */ = {isa = PBXFileReference; lastKnownFileType = file.xib; name = Base; path = Base.lproj/LaunchScreen.xib; sourceTree = "<group>"; };
		6CFBE9B11B3028290051E3D6 /* Images.xcassets */ = {isa = PBXFileReference; lastKnownFileType = folder.assetcatalog; path = Images.xcassets; sourceTree = "<group>"; };
		6CFBE9C41B31832A0051E3D6 /* TENMainView.h */ = {isa = PBXFileReference; fileEncoding = 4; lastKnownFileType = sourcecode.c.h; path = TENMainView.h; sourceTree = "<group>"; };
		6CFBE9C51B31832A0051E3D6 /* TENMainView.m */ = {isa = PBXFileReference; fileEncoding = 4; lastKnownFileType = sourcecode.c.objc; path = TENMainView.m; sourceTree = "<group>"; };
		6CFBE9C61B31832A0051E3D6 /* TENSquareView.h */ = {isa = PBXFileReference; fileEncoding = 4; lastKnownFileType = sourcecode.c.h; path = TENSquareView.h; sourceTree = "<group>"; };
		6CFBE9C71B31832A0051E3D6 /* TENSquareView.m */ = {isa = PBXFileReference; fileEncoding = 4; lastKnownFileType = sourcecode.c.objc; path = TENSquareView.m; sourceTree = "<group>"; };
		6CFBE9C81B31832A0051E3D6 /* TENSquareViewController.h */ = {isa = PBXFileReference; fileEncoding = 4; lastKnownFileType = sourcecode.c.h; path = TENSquareViewController.h; sourceTree = "<group>"; };
		6CFBE9C91B31832A0051E3D6 /* TENSquareViewController.m */ = {isa = PBXFileReference; fileEncoding = 4; lastKnownFileType = sourcecode.c.objc; path = TENSquareViewController.m; sourceTree = "<group>"; };
		6CFBE9CA1B31832A0051E3D6 /* TENSquareViewController.xib */ = {isa = PBXFileReference; fileEncoding = 4; lastKnownFileType = file.xib; path = TENSquareViewController.xib; sourceTree = "<group>"; };
		6CFBE9CF1B3183380051E3D6 /* TENSquareModel.h */ = {isa = PBXFileReference; fileEncoding = 4; lastKnownFileType = sourcecode.c.h; path = TENSquareModel.h; sourceTree = "<group>"; };
		6CFBE9D01B3183380051E3D6 /* TENSquareModel.m */ = {isa = PBXFileReference; fileEncoding = 4; lastKnownFileType = sourcecode.c.objc; path = TENSquareModel.m; sourceTree = "<group>"; };
		6CFBE9D31B32FCE10051E3D6 /* TENMacro.h */ = {isa = PBXFileReference; fileEncoding = 4; lastKnownFileType = sourcecode.c.h; path = TENMacro.h; sourceTree = "<group>"; };
		6CFBE9D41B32FCE10051E3D6 /* TENMacro.m */ = {isa = PBXFileReference; fileEncoding = 4; lastKnownFileType = sourcecode.c.objc; path = TENMacro.m; sourceTree = "<group>"; };
		6CFBE9DD1B32FED80051E3D6 /* TENUsersViewController.h */ = {isa = PBXFileReference; fileEncoding = 4; lastKnownFileType = sourcecode.c.h; path = TENUsersViewController.h; sourceTree = "<group>"; };
		6CFBE9DE1B32FED80051E3D6 /* TENUsersViewController.m */ = {isa = PBXFileReference; fileEncoding = 4; lastKnownFileType = sourcecode.c.objc; path = TENUsersViewController.m; sourceTree = "<group>"; };
		6CFBE9DF1B32FED80051E3D6 /* TENUsersViewController.xib */ = {isa = PBXFileReference; fileEncoding = 4; lastKnownFileType = file.xib; path = TENUsersViewController.xib; sourceTree = "<group>"; };
		6CFBE9E21B32FF730051E3D6 /* TENUsersView.h */ = {isa = PBXFileReference; fileEncoding = 4; lastKnownFileType = sourcecode.c.h; path = TENUsersView.h; sourceTree = "<group>"; };
		6CFBE9E31B32FF730051E3D6 /* TENUsersView.m */ = {isa = PBXFileReference; fileEncoding = 4; lastKnownFileType = sourcecode.c.objc; path = TENUsersView.m; sourceTree = "<group>"; };
		6CFBE9E61B3301250051E3D6 /* TENUser.h */ = {isa = PBXFileReference; fileEncoding = 4; lastKnownFileType = sourcecode.c.h; path = TENUser.h; sourceTree = "<group>"; };
		6CFBE9E71B3301250051E3D6 /* TENUser.m */ = {isa = PBXFileReference; fileEncoding = 4; lastKnownFileType = sourcecode.c.objc; path = TENUser.m; sourceTree = "<group>"; };
		6CFBE9E91B3302C50051E3D6 /* TENUsers.h */ = {isa = PBXFileReference; fileEncoding = 4; lastKnownFileType = sourcecode.c.h; path = TENUsers.h; sourceTree = "<group>"; };
		6CFBE9EA1B3302C50051E3D6 /* TENUsers.m */ = {isa = PBXFileReference; fileEncoding = 4; lastKnownFileType = sourcecode.c.objc; path = TENUsers.m; sourceTree = "<group>"; };
		6CFBE9ED1B34AE490051E3D6 /* TENTableViewCell.h */ = {isa = PBXFileReference; fileEncoding = 4; lastKnownFileType = sourcecode.c.h; path = TENTableViewCell.h; sourceTree = "<group>"; };
		6CFBE9EE1B34AE490051E3D6 /* TENTableViewCell.m */ = {isa = PBXFileReference; fileEncoding = 4; lastKnownFileType = sourcecode.c.objc; path = TENTableViewCell.m; sourceTree = "<group>"; };
/* End PBXFileReference section */

/* Begin PBXFrameworksBuildPhase section */
		6CFBE97B1B3025B90051E3D6 /* Frameworks */ = {
			isa = PBXFrameworksBuildPhase;
			buildActionMask = 2147483647;
			files = (
			);
			runOnlyForDeploymentPostprocessing = 0;
		};
		6CFBE9941B3025BA0051E3D6 /* Frameworks */ = {
			isa = PBXFrameworksBuildPhase;
			buildActionMask = 2147483647;
			files = (
			);
			runOnlyForDeploymentPostprocessing = 0;
		};
/* End PBXFrameworksBuildPhase section */

/* Begin PBXGroup section */
		6CFBE9751B3025B90051E3D6 = {
			isa = PBXGroup;
			children = (
				6CFBE9A81B3027230051E3D6 /* Source */,
				6CFBE9AE1B3028290051E3D6 /* Resources */,
				6CFBE9801B3025B90051E3D6 /* 444tenIOS */,
				6CFBE99A1B3025BA0051E3D6 /* 444tenIOSTests */,
				6CFBE97F1B3025B90051E3D6 /* Products */,
			);
			sourceTree = "<group>";
		};
		6CFBE97F1B3025B90051E3D6 /* Products */ = {
			isa = PBXGroup;
			children = (
				6CFBE97E1B3025B90051E3D6 /* 444tenIOS.app */,
				6CFBE9971B3025BA0051E3D6 /* 444tenIOSTests.xctest */,
			);
			name = Products;
			sourceTree = "<group>";
		};
		6CFBE9801B3025B90051E3D6 /* 444tenIOS */ = {
			isa = PBXGroup;
			children = (
				6CFBE9851B3025B90051E3D6 /* TENAppDelegate.h */,
				6CFBE9861B3025B90051E3D6 /* TENAppDelegate.m */,
				6CFBE9821B3025B90051E3D6 /* Info.plist */,
				6CFBE9831B3025B90051E3D6 /* main.m */,
			);
			path = 444tenIOS;
			sourceTree = "<group>";
		};
		6CFBE99A1B3025BA0051E3D6 /* 444tenIOSTests */ = {
			isa = PBXGroup;
			children = (
				6CFBE99D1B3025BA0051E3D6 /* _44tenIOSTests.m */,
				6CFBE99B1B3025BA0051E3D6 /* Supporting Files */,
			);
			path = 444tenIOSTests;
			sourceTree = "<group>";
		};
		6CFBE99B1B3025BA0051E3D6 /* Supporting Files */ = {
			isa = PBXGroup;
			children = (
				6CFBE99C1B3025BA0051E3D6 /* Info.plist */,
			);
			name = "Supporting Files";
			sourceTree = "<group>";
		};
		6CFBE9A81B3027230051E3D6 /* Source */ = {
			isa = PBXGroup;
			children = (
				6CFBE9A91B3027230051E3D6 /* Library */,
				6CFBE9AC1B3027230051E3D6 /* Models */,
				6CFBE9AD1B3027230051E3D6 /* UI */,
			);
			path = Source;
			sourceTree = "<group>";
		};
		6CFBE9A91B3027230051E3D6 /* Library */ = {
			isa = PBXGroup;
			children = (
				6CFBE9D21B3183570051E3D6 /* Categories */,
				6CFBE9AB1B3027230051E3D6 /* Classes */,
				6CFBE9D31B32FCE10051E3D6 /* TENMacro.h */,
				6CFBE9D41B32FCE10051E3D6 /* TENMacro.m */,
			);
			path = Library;
			sourceTree = "<group>";
		};
		6CFBE9AB1B3027230051E3D6 /* Classes */ = {
			isa = PBXGroup;
			children = (
				6CFBE9EC1B34AE220051E3D6 /* TENTableViewCell */,
			);
			path = Classes;
			sourceTree = "<group>";
		};
		6CFBE9AC1B3027230051E3D6 /* Models */ = {
			isa = PBXGroup;
			children = (
				6CFBE9C01B305BF10051E3D6 /* TENSquareModel */,
				6CFBE9E51B3301090051E3D6 /* TENUser */,
			);
			path = Models;
			sourceTree = "<group>";
		};
		6CFBE9AD1B3027230051E3D6 /* UI */ = {
			isa = PBXGroup;
			children = (
				6CFBE9DC1B32FED80051E3D6 /* TENUsersViewController */,
				6CFBE9B41B3029B30051E3D6 /* TENSquareViewController */,
			);
			path = UI;
			sourceTree = "<group>";
		};
		6CFBE9AE1B3028290051E3D6 /* Resources */ = {
			isa = PBXGroup;
			children = (
				6CFBE9AF1B3028290051E3D6 /* LaunchScreen.xib */,
				6CFBE9B11B3028290051E3D6 /* Images.xcassets */,
			);
			path = Resources;
			sourceTree = "<group>";
		};
		6CFBE9B41B3029B30051E3D6 /* TENSquareViewController */ = {
			isa = PBXGroup;
			children = (
				6CFBE9C81B31832A0051E3D6 /* TENSquareViewController.h */,
				6CFBE9C91B31832A0051E3D6 /* TENSquareViewController.m */,
				6CFBE9CA1B31832A0051E3D6 /* TENSquareViewController.xib */,
				6CFBE9C41B31832A0051E3D6 /* TENMainView.h */,
				6CFBE9C51B31832A0051E3D6 /* TENMainView.m */,
				6CFBE9C61B31832A0051E3D6 /* TENSquareView.h */,
				6CFBE9C71B31832A0051E3D6 /* TENSquareView.m */,
			);
			path = TENSquareViewController;
			sourceTree = "<group>";
		};
		6CFBE9C01B305BF10051E3D6 /* TENSquareModel */ = {
			isa = PBXGroup;
			children = (
				6CFBE9CF1B3183380051E3D6 /* TENSquareModel.h */,
				6CFBE9D01B3183380051E3D6 /* TENSquareModel.m */,
			);
			name = TENSquareModel;
			path = TENSquare;
			sourceTree = "<group>";
		};
		6CFBE9D21B3183570051E3D6 /* Categories */ = {
			isa = PBXGroup;
			children = (
			);
			path = Categories;
			sourceTree = "<group>";
		};
		6CFBE9DC1B32FED80051E3D6 /* TENUsersViewController */ = {
			isa = PBXGroup;
			children = (
				6CFBE9DD1B32FED80051E3D6 /* TENUsersViewController.h */,
				6CFBE9DE1B32FED80051E3D6 /* TENUsersViewController.m */,
				6CFBE9DF1B32FED80051E3D6 /* TENUsersViewController.xib */,
				6CFBE9E21B32FF730051E3D6 /* TENUsersView.h */,
				6CFBE9E31B32FF730051E3D6 /* TENUsersView.m */,
			);
			path = TENUsersViewController;
			sourceTree = "<group>";
		};
		6CFBE9E51B3301090051E3D6 /* TENUser */ = {
			isa = PBXGroup;
			children = (
				6CFBE9E61B3301250051E3D6 /* TENUser.h */,
				6CFBE9E71B3301250051E3D6 /* TENUser.m */,
				6CFBE9E91B3302C50051E3D6 /* TENUsers.h */,
				6CFBE9EA1B3302C50051E3D6 /* TENUsers.m */,
			);
			path = TENUser;
			sourceTree = "<group>";
		};
		6CFBE9EC1B34AE220051E3D6 /* TENTableViewCell */ = {
			isa = PBXGroup;
			children = (
				6CFBE9ED1B34AE490051E3D6 /* TENTableViewCell.h */,
				6CFBE9EE1B34AE490051E3D6 /* TENTableViewCell.m */,
			);
			path = TENTableViewCell;
			sourceTree = "<group>";
		};
/* End PBXGroup section */

/* Begin PBXNativeTarget section */
		6CFBE97D1B3025B90051E3D6 /* 444tenIOS */ = {
			isa = PBXNativeTarget;
			buildConfigurationList = 6CFBE9A11B3025BA0051E3D6 /* Build configuration list for PBXNativeTarget "444tenIOS" */;
			buildPhases = (
				6CFBE97A1B3025B90051E3D6 /* Sources */,
				6CFBE97B1B3025B90051E3D6 /* Frameworks */,
				6CFBE97C1B3025B90051E3D6 /* Resources */,
			);
			buildRules = (
			);
			dependencies = (
			);
			name = 444tenIOS;
			productName = 444tenIOS;
			productReference = 6CFBE97E1B3025B90051E3D6 /* 444tenIOS.app */;
			productType = "com.apple.product-type.application";
		};
		6CFBE9961B3025BA0051E3D6 /* 444tenIOSTests */ = {
			isa = PBXNativeTarget;
			buildConfigurationList = 6CFBE9A41B3025BA0051E3D6 /* Build configuration list for PBXNativeTarget "444tenIOSTests" */;
			buildPhases = (
				6CFBE9931B3025BA0051E3D6 /* Sources */,
				6CFBE9941B3025BA0051E3D6 /* Frameworks */,
				6CFBE9951B3025BA0051E3D6 /* Resources */,
			);
			buildRules = (
			);
			dependencies = (
				6CFBE9991B3025BA0051E3D6 /* PBXTargetDependency */,
			);
			name = 444tenIOSTests;
			productName = 444tenIOSTests;
			productReference = 6CFBE9971B3025BA0051E3D6 /* 444tenIOSTests.xctest */;
			productType = "com.apple.product-type.bundle.unit-test";
		};
/* End PBXNativeTarget section */

/* Begin PBXProject section */
		6CFBE9761B3025B90051E3D6 /* Project object */ = {
			isa = PBXProject;
			attributes = {
				LastUpgradeCheck = 0630;
				ORGANIZATIONNAME = "Andrey Ten";
				TargetAttributes = {
					6CFBE97D1B3025B90051E3D6 = {
						CreatedOnToolsVersion = 6.3.1;
					};
					6CFBE9961B3025BA0051E3D6 = {
						CreatedOnToolsVersion = 6.3.1;
						TestTargetID = 6CFBE97D1B3025B90051E3D6;
					};
				};
			};
			buildConfigurationList = 6CFBE9791B3025B90051E3D6 /* Build configuration list for PBXProject "444tenIOS" */;
			compatibilityVersion = "Xcode 3.2";
			developmentRegion = English;
			hasScannedForEncodings = 0;
			knownRegions = (
				en,
				Base,
			);
			mainGroup = 6CFBE9751B3025B90051E3D6;
			productRefGroup = 6CFBE97F1B3025B90051E3D6 /* Products */;
			projectDirPath = "";
			projectRoot = "";
			targets = (
				6CFBE97D1B3025B90051E3D6 /* 444tenIOS */,
				6CFBE9961B3025BA0051E3D6 /* 444tenIOSTests */,
			);
		};
/* End PBXProject section */

/* Begin PBXResourcesBuildPhase section */
		6CFBE97C1B3025B90051E3D6 /* Resources */ = {
			isa = PBXResourcesBuildPhase;
			buildActionMask = 2147483647;
			files = (
				6CFBE9B21B3028290051E3D6 /* LaunchScreen.xib in Resources */,
				6CFBE9B31B3028290051E3D6 /* Images.xcassets in Resources */,
				6CFBE9CE1B31832A0051E3D6 /* TENSquareViewController.xib in Resources */,
				6CFBE9E11B32FED80051E3D6 /* TENUsersViewController.xib in Resources */,
			);
			runOnlyForDeploymentPostprocessing = 0;
		};
		6CFBE9951B3025BA0051E3D6 /* Resources */ = {
			isa = PBXResourcesBuildPhase;
			buildActionMask = 2147483647;
			files = (
			);
			runOnlyForDeploymentPostprocessing = 0;
		};
/* End PBXResourcesBuildPhase section */

/* Begin PBXSourcesBuildPhase section */
		6CFBE97A1B3025B90051E3D6 /* Sources */ = {
			isa = PBXSourcesBuildPhase;
			buildActionMask = 2147483647;
			files = (
				6CFBE9871B3025B90051E3D6 /* TENAppDelegate.m in Sources */,
				6CFBE9CC1B31832A0051E3D6 /* TENSquareView.m in Sources */,
				6CFBE9E81B3301250051E3D6 /* TENUser.m in Sources */,
				6CFBE9EF1B34AE490051E3D6 /* TENTableViewCell.m in Sources */,
				6CFBE9CB1B31832A0051E3D6 /* TENMainView.m in Sources */,
				6CFBE9E01B32FED80051E3D6 /* TENUsersViewController.m in Sources */,
				6CFBE9841B3025B90051E3D6 /* main.m in Sources */,
				6CFBE9EB1B3302C50051E3D6 /* TENUsers.m in Sources */,
				6CFBE9E41B32FF730051E3D6 /* TENUsersView.m in Sources */,
				6CFBE9CD1B31832A0051E3D6 /* TENSquareViewController.m in Sources */,
				6CFBE9D11B3183380051E3D6 /* TENSquareModel.m in Sources */,
				6CFBE9D51B32FCE10051E3D6 /* TENMacro.m in Sources */,
			);
			runOnlyForDeploymentPostprocessing = 0;
		};
		6CFBE9931B3025BA0051E3D6 /* Sources */ = {
			isa = PBXSourcesBuildPhase;
			buildActionMask = 2147483647;
			files = (
				6CFBE99E1B3025BA0051E3D6 /* _44tenIOSTests.m in Sources */,
			);
			runOnlyForDeploymentPostprocessing = 0;
		};
/* End PBXSourcesBuildPhase section */

/* Begin PBXTargetDependency section */
		6CFBE9991B3025BA0051E3D6 /* PBXTargetDependency */ = {
			isa = PBXTargetDependency;
			target = 6CFBE97D1B3025B90051E3D6 /* 444tenIOS */;
			targetProxy = 6CFBE9981B3025BA0051E3D6 /* PBXContainerItemProxy */;
		};
/* End PBXTargetDependency section */

/* Begin PBXVariantGroup section */
		6CFBE9AF1B3028290051E3D6 /* LaunchScreen.xib */ = {
			isa = PBXVariantGroup;
			children = (
				6CFBE9B01B3028290051E3D6 /* Base */,
			);
			name = LaunchScreen.xib;
			sourceTree = "<group>";
		};
/* End PBXVariantGroup section */

/* Begin XCBuildConfiguration section */
		6CFBE99F1B3025BA0051E3D6 /* Debug */ = {
			isa = XCBuildConfiguration;
			buildSettings = {
				ALWAYS_SEARCH_USER_PATHS = NO;
				CLANG_CXX_LANGUAGE_STANDARD = "gnu++0x";
				CLANG_CXX_LIBRARY = "libc++";
				CLANG_ENABLE_MODULES = YES;
				CLANG_ENABLE_OBJC_ARC = YES;
				CLANG_WARN_BOOL_CONVERSION = YES;
				CLANG_WARN_CONSTANT_CONVERSION = YES;
				CLANG_WARN_DIRECT_OBJC_ISA_USAGE = YES_ERROR;
				CLANG_WARN_EMPTY_BODY = YES;
				CLANG_WARN_ENUM_CONVERSION = YES;
				CLANG_WARN_INT_CONVERSION = YES;
				CLANG_WARN_OBJC_ROOT_CLASS = YES_ERROR;
				CLANG_WARN_UNREACHABLE_CODE = YES;
				CLANG_WARN__DUPLICATE_METHOD_MATCH = YES;
				"CODE_SIGN_IDENTITY[sdk=iphoneos*]" = "iPhone Developer";
				COPY_PHASE_STRIP = NO;
				DEBUG_INFORMATION_FORMAT = "dwarf-with-dsym";
				ENABLE_STRICT_OBJC_MSGSEND = YES;
				GCC_C_LANGUAGE_STANDARD = gnu99;
				GCC_DYNAMIC_NO_PIC = NO;
				GCC_NO_COMMON_BLOCKS = YES;
				GCC_OPTIMIZATION_LEVEL = 0;
				GCC_PREPROCESSOR_DEFINITIONS = (
					"DEBUG=1",
					"$(inherited)",
				);
				GCC_SYMBOLS_PRIVATE_EXTERN = NO;
				GCC_WARN_64_TO_32_BIT_CONVERSION = YES;
				GCC_WARN_ABOUT_RETURN_TYPE = YES_ERROR;
				GCC_WARN_UNDECLARED_SELECTOR = YES;
				GCC_WARN_UNINITIALIZED_AUTOS = YES_AGGRESSIVE;
				GCC_WARN_UNUSED_FUNCTION = YES;
				GCC_WARN_UNUSED_VARIABLE = YES;
				IPHONEOS_DEPLOYMENT_TARGET = 8.3;
				MTL_ENABLE_DEBUG_INFO = YES;
				ONLY_ACTIVE_ARCH = YES;
				SDKROOT = iphoneos;
			};
			name = Debug;
		};
		6CFBE9A01B3025BA0051E3D6 /* Release */ = {
			isa = XCBuildConfiguration;
			buildSettings = {
				ALWAYS_SEARCH_USER_PATHS = NO;
				CLANG_CXX_LANGUAGE_STANDARD = "gnu++0x";
				CLANG_CXX_LIBRARY = "libc++";
				CLANG_ENABLE_MODULES = YES;
				CLANG_ENABLE_OBJC_ARC = YES;
				CLANG_WARN_BOOL_CONVERSION = YES;
				CLANG_WARN_CONSTANT_CONVERSION = YES;
				CLANG_WARN_DIRECT_OBJC_ISA_USAGE = YES_ERROR;
				CLANG_WARN_EMPTY_BODY = YES;
				CLANG_WARN_ENUM_CONVERSION = YES;
				CLANG_WARN_INT_CONVERSION = YES;
				CLANG_WARN_OBJC_ROOT_CLASS = YES_ERROR;
				CLANG_WARN_UNREACHABLE_CODE = YES;
				CLANG_WARN__DUPLICATE_METHOD_MATCH = YES;
				"CODE_SIGN_IDENTITY[sdk=iphoneos*]" = "iPhone Developer";
				COPY_PHASE_STRIP = NO;
				DEBUG_INFORMATION_FORMAT = "dwarf-with-dsym";
				ENABLE_NS_ASSERTIONS = NO;
				ENABLE_STRICT_OBJC_MSGSEND = YES;
				GCC_C_LANGUAGE_STANDARD = gnu99;
				GCC_NO_COMMON_BLOCKS = YES;
				GCC_WARN_64_TO_32_BIT_CONVERSION = YES;
				GCC_WARN_ABOUT_RETURN_TYPE = YES_ERROR;
				GCC_WARN_UNDECLARED_SELECTOR = YES;
				GCC_WARN_UNINITIALIZED_AUTOS = YES_AGGRESSIVE;
				GCC_WARN_UNUSED_FUNCTION = YES;
				GCC_WARN_UNUSED_VARIABLE = YES;
				IPHONEOS_DEPLOYMENT_TARGET = 8.3;
				MTL_ENABLE_DEBUG_INFO = NO;
				SDKROOT = iphoneos;
				VALIDATE_PRODUCT = YES;
			};
			name = Release;
		};
		6CFBE9A21B3025BA0051E3D6 /* Debug */ = {
			isa = XCBuildConfiguration;
			buildSettings = {
				ASSETCATALOG_COMPILER_APPICON_NAME = AppIcon;
				INFOPLIST_FILE = 444tenIOS/Info.plist;
				IPHONEOS_DEPLOYMENT_TARGET = 7.1;
				LD_RUNPATH_SEARCH_PATHS = "$(inherited) @executable_path/Frameworks";
				PRODUCT_NAME = "$(TARGET_NAME)";
				TARGETED_DEVICE_FAMILY = 1;
			};
			name = Debug;
		};
		6CFBE9A31B3025BA0051E3D6 /* Release */ = {
			isa = XCBuildConfiguration;
			buildSettings = {
				ASSETCATALOG_COMPILER_APPICON_NAME = AppIcon;
				INFOPLIST_FILE = 444tenIOS/Info.plist;
				IPHONEOS_DEPLOYMENT_TARGET = 7.1;
				LD_RUNPATH_SEARCH_PATHS = "$(inherited) @executable_path/Frameworks";
				PRODUCT_NAME = "$(TARGET_NAME)";
				TARGETED_DEVICE_FAMILY = 1;
			};
			name = Release;
		};
		6CFBE9A51B3025BA0051E3D6 /* Debug */ = {
			isa = XCBuildConfiguration;
			buildSettings = {
				BUNDLE_LOADER = "$(TEST_HOST)";
				FRAMEWORK_SEARCH_PATHS = (
					"$(SDKROOT)/Developer/Library/Frameworks",
					"$(inherited)",
				);
				GCC_PREPROCESSOR_DEFINITIONS = (
					"DEBUG=1",
					"$(inherited)",
				);
				INFOPLIST_FILE = 444tenIOSTests/Info.plist;
				LD_RUNPATH_SEARCH_PATHS = "$(inherited) @executable_path/Frameworks @loader_path/Frameworks";
				PRODUCT_NAME = "$(TARGET_NAME)";
				TEST_HOST = "$(BUILT_PRODUCTS_DIR)/444tenIOS.app/444tenIOS";
			};
			name = Debug;
		};
		6CFBE9A61B3025BA0051E3D6 /* Release */ = {
			isa = XCBuildConfiguration;
			buildSettings = {
				BUNDLE_LOADER = "$(TEST_HOST)";
				FRAMEWORK_SEARCH_PATHS = (
					"$(SDKROOT)/Developer/Library/Frameworks",
					"$(inherited)",
				);
				INFOPLIST_FILE = 444tenIOSTests/Info.plist;
				LD_RUNPATH_SEARCH_PATHS = "$(inherited) @executable_path/Frameworks @loader_path/Frameworks";
				PRODUCT_NAME = "$(TARGET_NAME)";
				TEST_HOST = "$(BUILT_PRODUCTS_DIR)/444tenIOS.app/444tenIOS";
			};
			name = Release;
		};
/* End XCBuildConfiguration section */

/* Begin XCConfigurationList section */
		6CFBE9791B3025B90051E3D6 /* Build configuration list for PBXProject "444tenIOS" */ = {
			isa = XCConfigurationList;
			buildConfigurations = (
				6CFBE99F1B3025BA0051E3D6 /* Debug */,
				6CFBE9A01B3025BA0051E3D6 /* Release */,
			);
			defaultConfigurationIsVisible = 0;
			defaultConfigurationName = Release;
		};
		6CFBE9A11B3025BA0051E3D6 /* Build configuration list for PBXNativeTarget "444tenIOS" */ = {
			isa = XCConfigurationList;
			buildConfigurations = (
				6CFBE9A21B3025BA0051E3D6 /* Debug */,
				6CFBE9A31B3025BA0051E3D6 /* Release */,
			);
			defaultConfigurationIsVisible = 0;
			defaultConfigurationName = Release;
		};
		6CFBE9A41B3025BA0051E3D6 /* Build configuration list for PBXNativeTarget "444tenIOSTests" */ = {
			isa = XCConfigurationList;
			buildConfigurations = (
				6CFBE9A51B3025BA0051E3D6 /* Debug */,
				6CFBE9A61B3025BA0051E3D6 /* Release */,
			);
			defaultConfigurationIsVisible = 0;
			defaultConfigurationName = Release;
		};
/* End XCConfigurationList section */
	};
	rootObject = 6CFBE9761B3025B90051E3D6 /* Project object */;
}
